Microsoft Visual Studio Solution File, Format Version 12.00
# Visual Studio Version 17
VisualStudioVersion = 17.5.2.0
MinimumVisualStudioVersion = 10.0.40219.1
Project("{FAE04EC0-301F-11D3-BF4B-00C04F79EFBC}") = "CS509_HandsOn4", "CS509_HandsOn4.csproj", "{6DF7FB37-3E2F-3BED-4515-C36335DDADAC}"
EndProject
Global
	GlobalSection(SolutionConfigurationPlatforms) = preSolution
		Debug|Any CPU = Debug|Any CPU
		Release|Any CPU = Release|Any CPU
	EndGlobalSection
	GlobalSection(ProjectConfigurationPlatforms) = postSolution
		{6DF7FB37-3E2F-3BED-4515-C36335DDADAC}.Debug|Any CPU.ActiveCfg = Debug|Any CPU
		{6DF7FB37-3E2F-3BED-4515-C36335DDADAC}.Debug|Any CPU.Build.0 = Debug|Any CPU
		{6DF7FB37-3E2F-3BED-4515-C36335DDADAC}.Release|Any CPU.ActiveCfg = Release|Any CPU
		{6DF7FB37-3E2F-3BED-4515-C36335DDADAC}.Release|Any CPU.Build.0 = Release|Any CPU
	EndGlobalSection
	GlobalSection(SolutionProperties) = preSolution
		HideSolutionNode = FALSE
	EndGlobalSection
	GlobalSection(ExtensibilityGlobals) = postSolution
		SolutionGuid = {B56BF262-5300-41DE-9C07-9BF8DABACA0A}
	EndGlobalSection
EndGlobal
